GEM
  remote: https://rubygems.org/
  specs:
    bashcov (4.0.0)
      simplecov (~> 1.1)
    rexml (3.4.4)
    simplecov (1.1.1)
    simplecov-cobertura (4.0.0)
      rexml
      simplecov (~> 1.0)

PLATFORMS
  x86_64-darwin-22
  x86_64-linux

DEPENDENCIES
  bashcov (~> 4.0, >= 4.0.0)
  simplecov-cobertura

BUNDLED WITH
   2.4.10
